
Microsoft Visual Studio Solution File, Format Version 12.00
# Visual Studio Version 17
VisualStudioVersion = 17.0.32126.317
MinimumVisualStudioVersion = 10.0.40219.1
Project("{9A19103F-16F7-4668-BE54-9A1E7A4F7556}") = "NeuroSharp", "NeuroSharp.csproj", "{0A671ABC-1B57-4382-B6CA-A19FA118D542}"
EndProject
Project("{9A19103F-16F7-4668-BE54-9A1E7A4F7556}") = "UnitTests", "..\UnitTests\UnitTests.csproj", "{7E783010-CC4C-460F-B640-E6E922909FDF}"
EndProject
Project("{9A19103F-16F7-4668-BE54-9A1E7A4F7556}") = "NetworkTests", "NetworkTests\NetworkTests.csproj", "{832416DA-9872-4EFE-9A8E-21B2596C670D}"
EndProject
Project("{FAE04EC0-301F-11D3-BF4B-00C04F79EFBC}") = "NeurosharpBlazorWASM", "..\NeurosharpBlazorWASM\NeurosharpBlazorWASM.csproj", "{6AED5F46-F6F0-4B06-AB62-1EC429051190}"
EndProject
Project("{FAE04EC0-301F-11D3-BF4B-00C04F79EFBC}") = "TrainerWhoTrains", "..\TrainerWhoTrains\TrainerWhoTrains.csproj", "{E35D64CB-FED3-42E2-9BA3-C73ACA144C66}"
EndProject
Global
	GlobalSection(SolutionConfigurationPlatforms) = preSolution
		Debug|Any CPU = Debug|Any CPU
		Release|Any CPU = Release|Any CPU
		Release2|Any CPU = Release2|Any CPU
	EndGlobalSection
	GlobalSection(ProjectConfigurationPlatforms) = postSolution
		{0A671ABC-1B57-4382-B6CA-A19FA118D542}.Debug|Any CPU.ActiveCfg = Debug|Any CPU
		{0A671ABC-1B57-4382-B6CA-A19FA118D542}.Debug|Any CPU.Build.0 = Debug|Any CPU
		{0A671ABC-1B57-4382-B6CA-A19FA118D542}.Release|Any CPU.ActiveCfg = Release|Any CPU
		{0A671ABC-1B57-4382-B6CA-A19FA118D542}.Release|Any CPU.Build.0 = Release|Any CPU
		{0A671ABC-1B57-4382-B6CA-A19FA118D542}.Release2|Any CPU.ActiveCfg = Release2|Any CPU
		{0A671ABC-1B57-4382-B6CA-A19FA118D542}.Release2|Any CPU.Build.0 = Release2|Any CPU
		{7E783010-CC4C-460F-B640-E6E922909FDF}.Debug|Any CPU.ActiveCfg = Debug|Any CPU
		{7E783010-CC4C-460F-B640-E6E922909FDF}.Debug|Any CPU.Build.0 = Debug|Any CPU
		{7E783010-CC4C-460F-B640-E6E922909FDF}.Release|Any CPU.ActiveCfg = Release|Any CPU
		{7E783010-CC4C-460F-B640-E6E922909FDF}.Release|Any CPU.Build.0 = Release|Any CPU
		{7E783010-CC4C-460F-B640-E6E922909FDF}.Release2|Any CPU.ActiveCfg = Release2|Any CPU
		{7E783010-CC4C-460F-B640-E6E922909FDF}.Release2|Any CPU.Build.0 = Release2|Any CPU
		{832416DA-9872-4EFE-9A8E-21B2596C670D}.Debug|Any CPU.ActiveCfg = Debug|Any CPU
		{832416DA-9872-4EFE-9A8E-21B2596C670D}.Debug|Any CPU.Build.0 = Debug|Any CPU
		{832416DA-9872-4EFE-9A8E-21B2596C670D}.Release|Any CPU.ActiveCfg = Release|Any CPU
		{832416DA-9872-4EFE-9A8E-21B2596C670D}.Release|Any CPU.Build.0 = Release|Any CPU
		{832416DA-9872-4EFE-9A8E-21B2596C670D}.Release2|Any CPU.ActiveCfg = Debug|Any CPU
		{832416DA-9872-4EFE-9A8E-21B2596C670D}.Release2|Any CPU.Build.0 = Debug|Any CPU
		{6AED5F46-F6F0-4B06-AB62-1EC429051190}.Debug|Any CPU.ActiveCfg = Debug|Any CPU
		{6AED5F46-F6F0-4B06-AB62-1EC429051190}.Debug|Any CPU.Build.0 = Debug|Any CPU
		{6AED5F46-F6F0-4B06-AB62-1EC429051190}.Release|Any CPU.ActiveCfg = Release|Any CPU
		{6AED5F46-F6F0-4B06-AB62-1EC429051190}.Release|Any CPU.Build.0 = Release|Any CPU
		{6AED5F46-F6F0-4B06-AB62-1EC429051190}.Release2|Any CPU.ActiveCfg = Release|Any CPU
		{6AED5F46-F6F0-4B06-AB62-1EC429051190}.Release2|Any CPU.Build.0 = Release|Any CPU
		{E35D64CB-FED3-42E2-9BA3-C73ACA144C66}.Debug|Any CPU.ActiveCfg = Debug|Any CPU
		{E35D64CB-FED3-42E2-9BA3-C73ACA144C66}.Debug|Any CPU.Build.0 = Debug|Any CPU
		{E35D64CB-FED3-42E2-9BA3-C73ACA144C66}.Release|Any CPU.ActiveCfg = Release|Any CPU
		{E35D64CB-FED3-42E2-9BA3-C73ACA144C66}.Release|Any CPU.Build.0 = Release|Any CPU
		{E35D64CB-FED3-42E2-9BA3-C73ACA144C66}.Release2|Any CPU.ActiveCfg = Debug|Any CPU
		{E35D64CB-FED3-42E2-9BA3-C73ACA144C66}.Release2|Any CPU.Build.0 = Debug|Any CPU
	EndGlobalSection
	GlobalSection(SolutionProperties) = preSolution
		HideSolutionNode = FALSE
	EndGlobalSection
	GlobalSection(ExtensibilityGlobals) = postSolution
		SolutionGuid = {A2C2C62C-5C3F-4045-8BFC-503FAC678114}
	EndGlobalSection
EndGlobal
